
Microsoft Visual Studio Solution File, Format Version 12.00
# Visual Studio Version 16
VisualStudioVersion = 16.0.31624.102
MinimumVisualStudioVersion = 10.0.40219.1
Project("{8BC9CEB8-8B4A-11D0-8D11-00A0C91BC942}") = "ConsoleApplication1", "ConsoleApplication1\ConsoleApplication1.vcxproj", "{3475D361-93A5-42C5-9082-8BB8D17D6395}"
EndProject
Global
	GlobalSection(SolutionConfigurationPlatforms) = preSolution
		Debug|x64 = Debug|x64
		Debug|x86 = Debug|x86
		Release|x64 = Release|x64
		Release|x86 = Release|x86
	EndGlobalSection
	GlobalSection(ProjectConfigurationPlatforms) = postSolution
		{3475D361-93A5-42C5-9082-8BB8D17D6395}.Debug|x64.ActiveCfg = Debug|x64
		{3475D361-93A5-42C5-9082-8BB8D17D6395}.Debug|x64.Build.0 = Debug|x64
		{3475D361-93A5-42C5-9082-8BB8D17D6395}.Debug|x86.ActiveCfg = Debug|Win32
		{3475D361-93A5-42C5-9082-8BB8D17D6395}.Debug|x86.Build.0 = Debug|Win32
		{3475D361-93A5-42C5-9082-8BB8D17D6395}.Release|x64.ActiveCfg = Release|x64
		{3475D361-93A5-42C5-9082-8BB8D17D6395}.Release|x64.Build.0 = Release|x64
		{3475D361-93A5-42C5-9082-8BB8D17D6395}.Release|x86.ActiveCfg = Release|Win32
		{3475D361-93A5-42C5-9082-8BB8D17D6395}.Release|x86.Build.0 = Release|Win32
	EndGlobalSection
	GlobalSection(SolutionProperties) = preSolution
		HideSolutionNode = FALSE
	EndGlobalSection
	GlobalSection(ExtensibilityGlobals) = postSolution
		SolutionGuid = {5A74D059-8CF0-4001-885C-0B21AA27BFE1}
	EndGlobalSection
EndGlobal
